// !$*UTF8*$!
{
	archiveVersion = 1;
	classes = {
	};
	objectVersion = 48;
	objects = {

/* Begin PBXBuildFile section */
		400D45B2201773AA0048E747 /* Meme.swift in Sources */ = {isa = PBXBuildFile; fileRef = 400D45B1201773AA0048E747 /* Meme.swift */; };
		400D45B9201A29520048E747 /* Impact.ttf in Resources */ = {isa = PBXBuildFile; fileRef = 400D45B8201A29520048E747 /* Impact.ttf */; };
		40859EFA2032FAA0001B8F46 /* CollectionViewControllerMeme.swift in Sources */ = {isa = PBXBuildFile; fileRef = 40859EF92032FAA0001B8F46 /* CollectionViewControllerMeme.swift */; };
		40859EFC2032FE88001B8F46 /* MemeCellCollection.swift in Sources */ = {isa = PBXBuildFile; fileRef = 40859EFB2032FE88001B8F46 /* MemeCellCollection.swift */; };
		4087B88C201609AD00973BD9 /* AppDelegate.swift in Sources */ = {isa = PBXBuildFile; fileRef = 4087B88B201609AD00973BD9 /* AppDelegate.swift */; };
		4087B88E201609AD00973BD9 /* ViewController.swift in Sources */ = {isa = PBXBuildFile; fileRef = 4087B88D201609AD00973BD9 /* ViewController.swift */; };
		4087B891201609AD00973BD9 /* Main.storyboard in Resources */ = {isa = PBXBuildFile; fileRef = 4087B88F201609AD00973BD9 /* Main.storyboard */; };
		4087B893201609AD00973BD9 /* Assets.xcassets in Resources */ = {isa = PBXBuildFile; fileRef = 4087B892201609AD00973BD9 /* Assets.xcassets */; };
		4087B896201609AD00973BD9 /* LaunchScreen.storyboard in Resources */ = {isa = PBXBuildFile; fileRef = 4087B894201609AD00973BD9 /* LaunchScreen.storyboard */; };
		40B92EDD2031B830005800A8 /* TableViewControllerMeme.swift in Sources */ = {isa = PBXBuildFile; fileRef = 40B92EDC2031B830005800A8 /* TableViewControllerMeme.swift */; };
		40E08638203432FC00E8D649 /* MemeDetailController.swift in Sources */ = {isa = PBXBuildFile; fileRef = 40E08637203432FC00E8D649 /* MemeDetailController.swift */; };
/* End PBXBuildFile section */

/* Begin PBXFileReference section */
		400D45B1201773AA0048E747 /* Meme.swift */ = {isa = PBXFileReference; lastKnownFileType = sourcecode.swift; path = Meme.swift; sourceTree = "<group>"; };
		400D45B8201A29520048E747 /* Impact.ttf */ = {isa = PBXFileReference; lastKnownFileType = file; path = Impact.ttf; sourceTree = "<group>"; };
		40859EF92032FAA0001B8F46 /* CollectionViewControllerMeme.swift */ = {isa = PBXFileReference; lastKnownFileType = sourcecode.swift; path = CollectionViewControllerMeme.swift; sourceTree = "<group>"; };
		40859EFB2032FE88001B8F46 /* MemeCellCollection.swift */ = {isa = PBXFileReference; lastKnownFileType = sourcecode.swift; path = MemeCellCollection.swift; sourceTree = "<group>"; };
		4087B888201609AD00973BD9 /* ImagePickExample.app */ = {isa = PBXFileReference; explicitFileType = wrapper.application; includeInIndex = 0; path = ImagePickExample.app; sourceTree = BUILT_PRODUCTS_DIR; };
		4087B88B201609AD00973BD9 /* AppDelegate.swift */ = {isa = PBXFileReference; lastKnownFileType = sourcecode.swift; path = AppDelegate.swift; sourceTree = "<group>"; };
		4087B88D201609AD00973BD9 /* ViewController.swift */ = {isa = PBXFileReference; lastKnownFileType = sourcecode.swift; path = ViewController.swift; sourceTree = "<group>"; };
		4087B890201609AD00973BD9 /* Base */ = {isa = PBXFileReference; lastKnownFileType = file.storyboard; name = Base; path = Base.lproj/Main.storyboard; sourceTree = "<group>"; };
		4087B892201609AD00973BD9 /* Assets.xcassets */ = {isa = PBXFileReference; lastKnownFileType = folder.assetcatalog; path = Assets.xcassets; sourceTree = "<group>"; };
		4087B895201609AD00973BD9 /* Base */ = {isa = PBXFileReference; lastKnownFileType = file.storyboard; name = Base; path = Base.lproj/LaunchScreen.storyboard; sourceTree = "<group>"; };
		4087B897201609AD00973BD9 /* Info.plist */ = {isa = PBXFileReference; lastKnownFileType = text.plist.xml; path = Info.plist; sourceTree = "<group>"; };
		40B92EDC2031B830005800A8 /* TableViewControllerMeme.swift */ = {isa = PBXFileReference; lastKnownFileType = sourcecode.swift; path = TableViewControllerMeme.swift; sourceTree = "<group>"; };
		40E08637203432FC00E8D649 /* MemeDetailController.swift */ = {isa = PBXFileReference; lastKnownFileType = sourcecode.swift; path = MemeDetailController.swift; sourceTree = "<group>"; };
/* End PBXFileReference section */

/* Begin PBXFrameworksBuildPhase section */
		4087B885201609AD00973BD9 /* Frameworks */ = {
			isa = PBXFrameworksBuildPhase;
			buildActionMask = 2147483647;
			files = (
			);
			runOnlyForDeploymentPostprocessing = 0;
		};
/* End PBXFrameworksBuildPhase section */

/* Begin PBXGroup section */
		400D45B02017739A0048E747 /* model */ = {
			isa = PBXGroup;
			children = (
				400D45B1201773AA0048E747 /* Meme.swift */,
			);
			path = model;
			sourceTree = "<group>";
		};
		4087B87F201609AD00973BD9 = {
			isa = PBXGroup;
			children = (
				4087B88A201609AD00973BD9 /* ImagePickExample */,
				4087B889201609AD00973BD9 /* Products */,
			);
			sourceTree = "<group>";
		};
		4087B889201609AD00973BD9 /* Products */ = {
			isa = PBXGroup;
			children = (
				4087B888201609AD00973BD9 /* ImagePickExample.app */,
			);
			name = Products;
			sourceTree = "<group>";
		};
		4087B88A201609AD00973BD9 /* ImagePickExample */ = {
			isa = PBXGroup;
			children = (
				400D45B02017739A0048E747 /* model */,
				4087B88B201609AD00973BD9 /* AppDelegate.swift */,
				400D45B8201A29520048E747 /* Impact.ttf */,
				40E08637203432FC00E8D649 /* MemeDetailController.swift */,
				40B92EDC2031B830005800A8 /* TableViewControllerMeme.swift */,
				4087B88D201609AD00973BD9 /* ViewController.swift */,
				4087B88F201609AD00973BD9 /* Main.storyboard */,
				40859EF92032FAA0001B8F46 /* CollectionViewControllerMeme.swift */,
				40859EFB2032FE88001B8F46 /* MemeCellCollection.swift */,
				4087B892201609AD00973BD9 /* Assets.xcassets */,
				4087B894201609AD00973BD9 /* LaunchScreen.storyboard */,
				4087B897201609AD00973BD9 /* Info.plist */,
			);
			path = ImagePickExample;
			sourceTree = "<group>";
		};
/* End PBXGroup section */

/* Begin PBXNativeTarget section */
		4087B887201609AD00973BD9 /* ImagePickExample */ = {
			isa = PBXNativeTarget;
			buildConfigurationList = 4087B89A201609AD00973BD9 /* Build configuration list for PBXNativeTarget "ImagePickExample" */;
			buildPhases = (
				4087B884201609AD00973BD9 /* Sources */,
				4087B885201609AD00973BD9 /* Frameworks */,
				4087B886201609AD00973BD9 /* Resources */,
			);
			buildRules = (
			);
			dependencies = (
			);
			name = ImagePickExample;
			productName = ImagePickExample;
			productReference = 4087B888201609AD00973BD9 /* ImagePickExample.app */;
			productType = "com.apple.product-type.application";
		};
/* End PBXNativeTarget section */

/* Begin PBXProject section */
		4087B880201609AD00973BD9 /* Project object */ = {
			isa = PBXProject;
			attributes = {
				LastSwiftUpdateCheck = 0920;
				LastUpgradeCheck = 0920;
				ORGANIZATIONNAME = "Ravikiran Pathade";
				TargetAttributes = {
					4087B887201609AD00973BD9 = {
						CreatedOnToolsVersion = 9.2;
						ProvisioningStyle = Automatic;
					};
				};
			};
			buildConfigurationList = 4087B883201609AD00973BD9 /* Build configuration list for PBXProject "ImagePickExample" */;
			compatibilityVersion = "Xcode 8.0";
			developmentRegion = en;
			hasScannedForEncodings = 0;
			knownRegions = (
				en,
				Base,
			);
			mainGroup = 4087B87F201609AD00973BD9;
			productRefGroup = 4087B889201609AD00973BD9 /* Products */;
			projectDirPath = "";
			projectRoot = "";
			targets = (
				4087B887201609AD00973BD9 /* ImagePickExample */,
			);
		};
/* End PBXProject section */

/* Begin PBXResourcesBuildPhase section */
		4087B886201609AD00973BD9 /* Resources */ = {
			isa = PBXResourcesBuildPhase;
			buildActionMask = 2147483647;
			files = (
				400D45B9201A29520048E747 /* Impact.ttf in Resources */,
				4087B896201609AD00973BD9 /* LaunchScreen.storyboard in Resources */,
				4087B893201609AD00973BD9 /* Assets.xcassets in Resources */,
				4087B891201609AD00973BD9 /* Main.storyboard in Resources */,
			);
			runOnlyForDeploymentPostprocessing = 0;
		};
/* End PBXResourcesBuildPhase section */

/* Begin PBXSourcesBuildPhase section */
		4087B884201609AD00973BD9 /* Sources */ = {
			isa = PBXSourcesBuildPhase;
			buildActionMask = 2147483647;
			files = (
				400D45B2201773AA0048E747 /* Meme.swift in Sources */,
				4087B88E201609AD00973BD9 /* ViewController.swift in Sources */,
				40E08638203432FC00E8D649 /* MemeDetailController.swift in Sources */,
				4087B88C201609AD00973BD9 /* AppDelegate.swift in Sources */,
				40B92EDD2031B830005800A8 /* TableViewControllerMeme.swift in Sources */,
				40859EFA2032FAA0001B8F46 /* CollectionViewControllerMeme.swift in Sources */,
				40859EFC2032FE88001B8F46 /* MemeCellCollection.swift in Sources */,
			);
			runOnlyForDeploymentPostprocessing = 0;
		};
/* End PBXSourcesBuildPhase section */

/* Begin PBXVariantGroup section */
		4087B88F201609AD00973BD9 /* Main.storyboard */ = {
			isa = PBXVariantGroup;
			children = (
				4087B890201609AD00973BD9 /* Base */,
			);
			name = Main.storyboard;
			sourceTree = "<group>";
		};
		4087B894201609AD00973BD9 /* LaunchScreen.storyboard */ = {
			isa = PBXVariantGroup;
			children = (
				4087B895201609AD00973BD9 /* Base */,
			);
			name = LaunchScreen.storyboard;
			sourceTree = "<group>";
		};
/* End PBXVariantGroup section */

/* Begin XCBuildConfiguration section */
		4087B898201609AD00973BD9 /* Debug */ = {
			isa = XCBuildConfiguration;
			buildSettings = {
				ALWAYS_SEARCH_USER_PATHS = NO;
				CLANG_ANALYZER_NONNULL = YES;
				CLANG_ANALYZER_NUMBER_OBJECT_CONVERSION = YES_AGGRESSIVE;
				CLANG_CXX_LANGUAGE_STANDARD = "gnu++14";
				CLANG_CXX_LIBRARY = "libc++";
				CLANG_ENABLE_MODULES = YES;
				CLANG_ENABLE_OBJC_ARC = YES;
				CLANG_WARN_BLOCK_CAPTURE_AUTORELEASING = YES;
				CLANG_WARN_BOOL_CONVERSION = YES;
				CLANG_WARN_COMMA = YES;
				CLANG_WARN_CONSTANT_CONVERSION = YES;
				CLANG_WARN_DIRECT_OBJC_ISA_USAGE = YES_ERROR;
				CLANG_WARN_DOCUMENTATION_COMMENTS = YES;
				CLANG_WARN_EMPTY_BODY = YES;
				CLANG_WARN_ENUM_CONVERSION = YES;
				CLANG_WARN_INFINITE_RECURSION = YES;
				CLANG_WARN_INT_CONVERSION = YES;
				CLANG_WARN_NON_LITERAL_NULL_CONVERSION = YES;
				CLANG_WARN_OBJC_LITERAL_CONVERSION = YES;
				CLANG_WARN_OBJC_ROOT_CLASS = YES_ERROR;
				CLANG_WARN_RANGE_LOOP_ANALYSIS = YES;
				CLANG_WARN_STRICT_PROTOTYPES = YES;
				CLANG_WARN_SUSPICIOUS_MOVE = YES;
				CLANG_WARN_UNGUARDED_AVAILABILITY = YES_AGGRESSIVE;
				CLANG_WARN_UNREACHABLE_CODE = YES;
				CLANG_WARN__DUPLICATE_METHOD_MATCH = YES;
				CODE_SIGN_IDENTITY = "iPhone Developer";
				COPY_PHASE_STRIP = NO;
				DEBUG_INFORMATION_FORMAT = dwarf;
				ENABLE_STRICT_OBJC_MSGSEND = YES;
				ENABLE_TESTABILITY = YES;
				GCC_C_LANGUAGE_STANDARD = gnu11;
				GCC_DYNAMIC_NO_PIC = NO;
				GCC_NO_COMMON_BLOCKS = YES;
				GCC_OPTIMIZATION_LEVEL = 0;
				GCC_PREPROCESSOR_DEFINITIONS = (
					"DEBUG=1",
					"$(inherited)",
				);
				GCC_WARN_64_TO_32_BIT_CONVERSION = YES;
				GCC_WARN_ABOUT_RETURN_TYPE = YES_ERROR;
				GCC_WARN_UNDECLARED_SELECTOR = YES;
				GCC_WARN_UNINITIALIZED_AUTOS = YES_AGGRESSIVE;
				GCC_WARN_UNUSED_FUNCTION = YES;
				GCC_WARN_UNUSED_VARIABLE = YES;
				IPHONEOS_DEPLOYMENT_TARGET = 11.2;
				MTL_ENABLE_DEBUG_INFO = YES;
				ONLY_ACTIVE_ARCH = YES;
				SDKROOT = iphoneos;
				SWIFT_ACTIVE_COMPILATION_CONDITIONS = DEBUG;
				SWIFT_OPTIMIZATION_LEVEL = "-Onone";
			};
			name = Debug;
		};
		4087B899201609AD00973BD9 /* Release */ = {
			isa = XCBuildConfiguration;
			buildSettings = {
				ALWAYS_SEARCH_USER_PATHS = NO;
				CLANG_ANALYZER_NONNULL = YES;
				CLANG_ANALYZER_NUMBER_OBJECT_CONVERSION = YES_AGGRESSIVE;
				CLANG_CXX_LANGUAGE_STANDARD = "gnu++14";
				CLANG_CXX_LIBRARY = "libc++";
				CLANG_ENABLE_MODULES = YES;
				CLANG_ENABLE_OBJC_ARC = YES;
				CLANG_WARN_BLOCK_CAPTURE_AUTORELEASING = YES;
				CLANG_WARN_BOOL_CONVERSION = YES;
				CLANG_WARN_COMMA = YES;
				CLANG_WARN_CONSTANT_CONVERSION = YES;
				CLANG_WARN_DIRECT_OBJC_ISA_USAGE = YES_ERROR;
				CLANG_WARN_DOCUMENTATION_COMMENTS = YES;
				CLANG_WARN_EMPTY_BODY = YES;
				CLANG_WARN_ENUM_CONVERSION = YES;
				CLANG_WARN_INFINITE_RECURSION = YES;
				CLANG_WARN_INT_CONVERSION = YES;
				CLANG_WARN_NON_LITERAL_NULL_CONVERSION = YES;
				CLANG_WARN_OBJC_LITERAL_CONVERSION = YES;
				CLANG_WARN_OBJC_ROOT_CLASS = YES_ERROR;
				CLANG_WARN_RANGE_LOOP_ANALYSIS = YES;
				CLANG_WARN_STRICT_PROTOTYPES = YES;
				CLANG_WARN_SUSPICIOUS_MOVE = YES;
				CLANG_WARN_UNGUARDED_AVAILABILITY = YES_AGGRESSIVE;
				CLANG_WARN_UNREACHABLE_CODE = YES;
				CLANG_WARN__DUPLICATE_METHOD_MATCH = YES;
				CODE_SIGN_IDENTITY = "iPhone Developer";
				COPY_PHASE_STRIP = NO;
				DEBUG_INFORMATION_FORMAT = "dwarf-with-dsym";
				ENABLE_NS_ASSERTIONS = NO;
				ENABLE_STRICT_OBJC_MSGSEND = YES;
				GCC_C_LANGUAGE_STANDARD = gnu11;
				GCC_NO_COMMON_BLOCKS = YES;
				GCC_WARN_64_TO_32_BIT_CONVERSION = YES;
				GCC_WARN_ABOUT_RETURN_TYPE = YES_ERROR;
				GCC_WARN_UNDECLARED_SELECTOR = YES;
				GCC_WARN_UNINITIALIZED_AUTOS = YES_AGGRESSIVE;
				GCC_WARN_UNUSED_FUNCTION = YES;
				GCC_WARN_UNUSED_VARIABLE = YES;
				IPHONEOS_DEPLOYMENT_TARGET = 11.2;
				MTL_ENABLE_DEBUG_INFO = NO;
				SDKROOT = iphoneos;
				SWIFT_OPTIMIZATION_LEVEL = "-Owholemodule";
				VALIDATE_PRODUCT = YES;
			};
			name = Release;
		};
		4087B89B201609AD00973BD9 /* Debug */ = {
			isa = XCBuildConfiguration;
			buildSettings = {
				ASSETCATALOG_COMPILER_APPICON_NAME = AppIcon;
				CODE_SIGN_STYLE = Automatic;
				DEVELOPMENT_TEAM = VRZW89MF7Y;
				INFOPLIST_FILE = ImagePickExample/Info.plist;
				LD_RUNPATH_SEARCH_PATHS = "$(inherited) @executable_path/Frameworks";
				PRODUCT_BUNDLE_IDENTIFIER = com.ravikiran.ImagePickExample;
				PRODUCT_NAME = "$(TARGET_NAME)";
				SWIFT_VERSION = 4.0;
				TARGETED_DEVICE_FAMILY = "1,2";
			};
			name = Debug;
		};
		4087B89C201609AD00973BD9 /* Release */ = {
			isa = XCBuildConfiguration;
			buildSettings = {
				ASSETCATALOG_COMPILER_APPICON_NAME = AppIcon;
				CODE_SIGN_STYLE = Automatic;
				DEVELOPMENT_TEAM = VRZW89MF7Y;
				INFOPLIST_FILE = ImagePickExample/Info.plist;
				LD_RUNPATH_SEARCH_PATHS = "$(inherited) @executable_path/Frameworks";
				PRODUCT_BUNDLE_IDENTIFIER = com.ravikiran.ImagePickExample;
				PRODUCT_NAME = "$(TARGET_NAME)";
				SWIFT_VERSION = 4.0;
				TARGETED_DEVICE_FAMILY = "1,2";
			};
			name = Release;
		};
/* End XCBuildConfiguration section */

/* Begin XCConfigurationList section */
		4087B883201609AD00973BD9 /* Build configuration list for PBXProject "ImagePickExample" */ = {
			isa = XCConfigurationList;
			buildConfigurations = (
				4087B898201609AD00973BD9 /* Debug */,
				4087B899201609AD00973BD9 /* Release */,
			);
			defaultConfigurationIsVisible = 0;
			defaultConfigurationName = Release;
		};
		4087B89A201609AD00973BD9 /* Build configuration list for PBXNativeTarget "ImagePickExample" */ = {
			isa = XCConfigurationList;
			buildConfigurations = (
				4087B89B201609AD00973BD9 /* Debug */,
				4087B89C201609AD00973BD9 /* Release */,
			);
			defaultConfigurationIsVisible = 0;
			defaultConfigurationName = Release;
		};
/* End XCConfigurationList section */
	};
	rootObject = 4087B880201609AD00973BD9 /* Project object */;
}
